version = 1
revision = 3
requires-python = "==3.11.*"

[[package]]
name = "click"
version = "8.1.7"
source = { registry = "https://pypi.org/simple" }
dependencies = [
    { name = "colorama", marker = "sys_platform == 'win32'" },
]
sdist = { url = "https://files.pythonhosted.org/packages/96/d3/f04c7bfcf5c1862a2a5b845c6b2b360488cf47af55dfa79c98f6a6bf98b5/click-8.1.7.tar.gz", hash = "sha256:ca9853ad459e787e2192211578cc907e7594e294c7ccc834310722b41b9ca6de", size = 336121, upload-time = "2023-08-17T17:29:11.868Z" }
wheels = [
    { url = "https://files.pythonhosted.org/packages/00/2e/d53fa4befbf2cfa713304affc7ca780ce4fc1fd8710527771b58311a3229/click-8.1.7-py3-none-any.whl", hash = "sha256:ae74fb96c20a0277a1d615f1e4d73c8414f5a98db8b799a7931d1582f3390c28", size = 97941, upload-time = "2023-08-17T17:29:10.08Z" },
]

[[package]]
name = "colorama"
version = "0.4.6"
source = { registry = "https://pypi.org/simple" }
sdist = { url = "https://files.pythonhosted.org/packages/d8/53/6f443c9a4a8358a93a6792e2acffb9d9d5cb0a5cfd8802644b7b1c9a02e4/colorama-0.4.6.tar.gz", hash = "sha256:08695f5cb7ed6e0531a20572697297273c47b8cae5a63ffc6d6ed5c201be6e44", size = 27697, upload-time = "2022-10-25T02:36:22.414Z" }
wheels = [
    { url = "https://files.pythonhosted.org/packages/d1/d6/3965ed04c63042e047cb6a3e6ed1a63a35087b6a609aa3a15ed8ac56c221/colorama-0.4.6-py2.py3-none-any.whl", hash = "sha256:4f1d9991f5acc0ca119f9d443620b77f9d6b33703e51011c16baf57afb285fc6", size = 25335, upload-time = "2022-10-25T02:36:20.889Z" },
]

[[package]]
name = "niimprint"
version = "0.1.0"
source = { editable = "." }
dependencies = [
    { name = "click" },
    { name = "pillow" },
    { name = "pyserial" },
]

[package.metadata]
requires-dist = [
    { name = "click", specifier = ">=8.1.7,<9" },
    { name = "pillow", specifier = ">=10.1.0,<11" },
    { name = "pyserial", specifier = "~=3.5" },
]

[[package]]
name = "pillow"
version = "10.1.0"
source = { registry = "https://pypi.org/simple" }
sdist = { url = "https://files.pythonhosted.org/packages/80/d7/c4b258c9098b469c4a4e77b0a99b5f4fd21e359c2e486c977d231f52fc71/Pillow-10.1.0.tar.gz", hash = "sha256:e6bf8de6c36ed96c86ea3b6e1d5273c53f46ef518a062464cd7ef5dd2cf92e38", size = 50781360, upload-time = "2023-10-15T13:03:15.681Z" }
wheels = [
    { url = "https://files.pythonhosted.org/packages/07/22/93d6b5aa5917d09ec7088a2c4d1821848f3f95fbdc2633ba9d9fc28444a1/Pillow-10.1.0-cp311-cp311-macosx_10_10_x86_64.whl", hash = "sha256:1fb29c07478e6c06a46b867e43b0bcdb241b44cc52be9bc25ce5944eed4648e7", size = 3484089, upload-time = "2023-10-15T13:01:46.981Z" },
    { url = "https://files.pythonhosted.org/packages/c3/5b/6bcfd0c2631d1ce4bb29ea597556ed2783404c5ad38635caf7b3f2b19073/Pillow-10.1.0-cp311-cp311-macosx_11_0_arm64.whl", hash = "sha256:2cdc65a46e74514ce742c2013cd4a2d12e8553e3a2563c64879f7c7e4d28bce7", size = 3294744, upload-time = "2023-10-15T13:01:49.084Z" },
    { url = "https://files.pythonhosted.org/packages/2a/ae/6b7673ae38cbd4821742acdb209e3e52c564dbe8ef8409d64d68ea0f9e6f/Pillow-10.1.0-cp311-cp311-manylinux_2_17_aarch64.manylinux2014_aarch64.whl", hash = "sha256:50d08cd0a2ecd2a8657bd3d82c71efd5a58edb04d9308185d66c3a5a5bed9610", size = 3424164, upload-time = "2023-10-15T13:01:51.284Z" },
    { url = "https://files.pythonhosted.org/packages/cd/fa/87c27a90d97600edc639b06c14c63c8dac709e13e04714eb1dc949788f41/Pillow-10.1.0-cp311-cp311-manylinux_2_17_x86_64.manylinux2014_x86_64.whl", hash = "sha256:062a1610e3bc258bff2328ec43f34244fcec972ee0717200cb1425214fe5b839", size = 3499981, upload-time = "2023-10-15T13:01:53.594Z" },
    { url = "https://files.pythonhosted.org/packages/5f/0a/8301b9384cbbd8542c2a5540fda1bce18c3203a0cc7becc9073bdee79ccb/Pillow-10.1.0-cp311-cp311-manylinux_2_28_aarch64.whl", hash = "sha256:61f1a9d247317fa08a308daaa8ee7b3f760ab1809ca2da14ecc88ae4257d6172", size = 3475329, upload-time = "2023-10-15T13:01:55.827Z" },
    { url = "https://files.pythonhosted.org/packages/6f/d8/f31dd84b4363b5f24c71b25a13ec3855f5ff233e07e1c3f1f8e979e12be2/Pillow-10.1.0-cp311-cp311-manylinux_2_28_x86_64.whl", hash = "sha256:a646e48de237d860c36e0db37ecaecaa3619e6f3e9d5319e527ccbc8151df061", size = 3621689, upload-time = "2023-10-15T13:01:57.56Z" },
    { url = "https://files.pythonhosted.org/packages/9d/20/5000e1a9696ee28c18c4bd158aaaed0dd65d3b13b6547c43b29f9851c2cc/Pillow-10.1.0-cp311-cp311-musllinux_1_1_aarch64.whl", hash = "sha256:47e5bf85b80abc03be7455c95b6d6e4896a62f6541c1f2ce77a7d2bb832af262", size = 3561247, upload-time = "2023-10-15T13:01:59.326Z" },
    { url = "https://files.pythonhosted.org/packages/cf/f7/4c4428d56df4cf7dfc6b9fc9a8b0268cdbca7c6b5130bc090fbf7562b223/Pillow-10.1.0-cp311-cp311-musllinux_1_1_x86_64.whl", hash = "sha256:a92386125e9ee90381c3369f57a2a50fa9e6aa8b1cf1d9c4b200d41a7dd8e992", size = 3600912, upload-time = "2023-10-15T13:02:01.139Z" },
    { url = "https://files.pythonhosted.org/packages/b1/38/31def4109acd4db10672df6f806b175c0d21458f845ddc0890e43238ba7c/Pillow-10.1.0-cp311-cp311-win_amd64.whl", hash = "sha256:0f7c276c05a9767e877a0b4c5050c8bee6a6d960d7f0c11ebda6b99746068c2a", size = 2609067, upload-time = "2023-10-15T13:02:03.443Z" },
]

[[package]]
name = "pyserial"
version = "3.5"
source = { registry = "https://pypi.org/simple" }
sdist = { url = "https://files.pythonhosted.org/packages/1e/7d/ae3f0a63f41e4d2f6cb66a5b57197850f919f59e558159a4dd3a818f5082/pyserial-3.5.tar.gz", hash = "sha256:3c77e014170dfffbd816e6ffc205e9842efb10be9f58ec16d3e8675b4925cddb", size = 159125, upload-time = "2020-11-23T03:59:15.045Z" }
wheels = [
    { url = "https://files.pythonhosted.org/packages/07/bc/587a445451b253b285629263eb51c2d8e9bcea4fc97826266d186f96f558/pyserial-3.5-py2.py3-none-any.whl", hash = "sha256:c4451db6ba391ca6ca299fb3ec7bae67a5c55dde170964c7a14ceefec02f2cf0", size = 90585, upload-time = "2020-11-23T03:59:13.41Z" },
]
